
Microsoft Visual Studio Solution File, Format Version 12.00
# Visual Studio Version 16
VisualStudioVersion = 16.0.28803.352
MinimumVisualStudioVersion = 10.0.40219.1
Project("{FAE04EC0-301F-11D3-BF4B-00C04F79EFBC}") = "InformationExpertCreatorPatterns", "InformationExpertCreatorPatterns\InformationExpertCreatorPatterns.csproj", "{1EC8C01E-3C27-40EE-91D8-8D5A02ED52B6}"
EndProject
Global
	GlobalSection(SolutionConfigurationPlatforms) = preSolution
		Debug|Any CPU = Debug|Any CPU
		Release|Any CPU = Release|Any CPU
	EndGlobalSection
	GlobalSection(ProjectConfigurationPlatforms) = postSolution
		{1EC8C01E-3C27-40EE-91D8-8D5A02ED52B6}.Debug|Any CPU.ActiveCfg = Debug|Any CPU
		{1EC8C01E-3C27-40EE-91D8-8D5A02ED52B6}.Debug|Any CPU.Build.0 = Debug|Any CPU
		{1EC8C01E-3C27-40EE-91D8-8D5A02ED52B6}.Release|Any CPU.ActiveCfg = Release|Any CPU
		{1EC8C01E-3C27-40EE-91D8-8D5A02ED52B6}.Release|Any CPU.Build.0 = Release|Any CPU
	EndGlobalSection
	GlobalSection(SolutionProperties) = preSolution
		HideSolutionNode = FALSE
	EndGlobalSection
	GlobalSection(ExtensibilityGlobals) = postSolution
		SolutionGuid = {9B1381DB-F5BE-41A0-AE5F-2BF3E1709E84}
	EndGlobalSection
EndGlobal
