
Microsoft Visual Studio Solution File, Format Version 12.00
# Visual Studio Version 16
VisualStudioVersion = 16.0.28803.352
MinimumVisualStudioVersion = 10.0.40219.1
Project("{FAE04EC0-301F-11D3-BF4B-00C04F79EFBC}") = "StrategyPattern", "StrategyPattern\StrategyPattern.csproj", "{274B9B95-3DF7-45A0-8E77-B8473FB7D4B5}"
EndProject
Global
	GlobalSection(SolutionConfigurationPlatforms) = preSolution
		Debug|Any CPU = Debug|Any CPU
		Release|Any CPU = Release|Any CPU
	EndGlobalSection
	GlobalSection(ProjectConfigurationPlatforms) = postSolution
		{274B9B95-3DF7-45A0-8E77-B8473FB7D4B5}.Debug|Any CPU.ActiveCfg = Debug|Any CPU
		{274B9B95-3DF7-45A0-8E77-B8473FB7D4B5}.Debug|Any CPU.Build.0 = Debug|Any CPU
		{274B9B95-3DF7-45A0-8E77-B8473FB7D4B5}.Release|Any CPU.ActiveCfg = Release|Any CPU
		{274B9B95-3DF7-45A0-8E77-B8473FB7D4B5}.Release|Any CPU.Build.0 = Release|Any CPU
	EndGlobalSection
	GlobalSection(SolutionProperties) = preSolution
		HideSolutionNode = FALSE
	EndGlobalSection
	GlobalSection(ExtensibilityGlobals) = postSolution
		SolutionGuid = {5E0B1FA8-EB83-4A82-9D25-2821F9C4818C}
	EndGlobalSection
EndGlobal
