
Microsoft Visual Studio Solution File, Format Version 12.00
# Visual Studio Version 16
VisualStudioVersion = 16.0.28803.202
MinimumVisualStudioVersion = 10.0.40219.1
Project("{FAE04EC0-301F-11D3-BF4B-00C04F79EFBC}") = "ConsoleAppLab11", "ConsoleAppLab11\ConsoleAppLab11.csproj", "{3DBA0B00-D8D8-4159-BE54-B8474EF1F690}"
EndProject
Global
	GlobalSection(SolutionConfigurationPlatforms) = preSolution
		Debug|Any CPU = Debug|Any CPU
		Release|Any CPU = Release|Any CPU
	EndGlobalSection
	GlobalSection(ProjectConfigurationPlatforms) = postSolution
		{3DBA0B00-D8D8-4159-BE54-B8474EF1F690}.Debug|Any CPU.ActiveCfg = Debug|Any CPU
		{3DBA0B00-D8D8-4159-BE54-B8474EF1F690}.Debug|Any CPU.Build.0 = Debug|Any CPU
		{3DBA0B00-D8D8-4159-BE54-B8474EF1F690}.Release|Any CPU.ActiveCfg = Release|Any CPU
		{3DBA0B00-D8D8-4159-BE54-B8474EF1F690}.Release|Any CPU.Build.0 = Release|Any CPU
	EndGlobalSection
	GlobalSection(SolutionProperties) = preSolution
		HideSolutionNode = FALSE
	EndGlobalSection
	GlobalSection(ExtensibilityGlobals) = postSolution
		SolutionGuid = {C5BFCEA7-1025-4CD8-A3CE-1FCAE5286C78}
	EndGlobalSection
EndGlobal
